
Microsoft Visual Studio Solution File, Format Version 12.00
# Visual Studio 15
VisualStudioVersion = 15.0.28307.329
MinimumVisualStudioVersion = 10.0.40219.1
Project("{9A19103F-16F7-4668-BE54-9A1E7A4F7556}") = "Dwarf_Town", "Dwarf_Town\Dwarf_Town.csproj", "{EFE63658-639F-4445-88DD-DD83E63217C0}"
EndProject
Project("{9A19103F-16F7-4668-BE54-9A1E7A4F7556}") = "Dwarf_TownTests", "Dwarf_TownTests\Dwarf_TownTests.csproj", "{E234C8F1-0085-4483-A548-DA44A2E59AF8}"
EndProject
Global
	GlobalSection(SolutionConfigurationPlatforms) = preSolution
		Debug|Any CPU = Debug|Any CPU
		Release|Any CPU = Release|Any CPU
	EndGlobalSection
	GlobalSection(ProjectConfigurationPlatforms) = postSolution
		{EFE63658-639F-4445-88DD-DD83E63217C0}.Debug|Any CPU.ActiveCfg = Debug|Any CPU
		{EFE63658-639F-4445-88DD-DD83E63217C0}.Debug|Any CPU.Build.0 = Debug|Any CPU
		{EFE63658-639F-4445-88DD-DD83E63217C0}.Release|Any CPU.ActiveCfg = Release|Any CPU
		{EFE63658-639F-4445-88DD-DD83E63217C0}.Release|Any CPU.Build.0 = Release|Any CPU
		{E234C8F1-0085-4483-A548-DA44A2E59AF8}.Debug|Any CPU.ActiveCfg = Debug|Any CPU
		{E234C8F1-0085-4483-A548-DA44A2E59AF8}.Debug|Any CPU.Build.0 = Debug|Any CPU
		{E234C8F1-0085-4483-A548-DA44A2E59AF8}.Release|Any CPU.ActiveCfg = Release|Any CPU
		{E234C8F1-0085-4483-A548-DA44A2E59AF8}.Release|Any CPU.Build.0 = Release|Any CPU
	EndGlobalSection
	GlobalSection(SolutionProperties) = preSolution
		HideSolutionNode = FALSE
	EndGlobalSection
	GlobalSection(ExtensibilityGlobals) = postSolution
		SolutionGuid = {314766E4-12A2-4B15-B65B-E3304559D652}
	EndGlobalSection
EndGlobal
